
Microsoft Visual Studio Solution File, Format Version 12.00
# Visual Studio Version 17
VisualStudioVersion = 17.3.32929.385
MinimumVisualStudioVersion = 10.0.40219.1
Project("{FAE04EC0-301F-11D3-BF4B-00C04F79EFBC}") = "PMS", "PMS.csproj", "{4E4C6F8B-F4C0-4E13-BC56-6C219A58EE3E}"
EndProject
Global
	GlobalSection(SolutionConfigurationPlatforms) = preSolution
		Debug|Any CPU = Debug|Any CPU
		Release|Any CPU = Release|Any CPU
	EndGlobalSection
	GlobalSection(ProjectConfigurationPlatforms) = postSolution
		{4E4C6F8B-F4C0-4E13-BC56-6C219A58EE3E}.Debug|Any CPU.ActiveCfg = Debug|Any CPU
		{4E4C6F8B-F4C0-4E13-BC56-6C219A58EE3E}.Debug|Any CPU.Build.0 = Debug|Any CPU
		{4E4C6F8B-F4C0-4E13-BC56-6C219A58EE3E}.Release|Any CPU.ActiveCfg = Release|Any CPU
		{4E4C6F8B-F4C0-4E13-BC56-6C219A58EE3E}.Release|Any CPU.Build.0 = Release|Any CPU
	EndGlobalSection
	GlobalSection(SolutionProperties) = preSolution
		HideSolutionNode = FALSE
	EndGlobalSection
	GlobalSection(ExtensibilityGlobals) = postSolution
		SolutionGuid = {C9B2A07B-0C99-4622-ABC2-FCCDCBEC58C9}
	EndGlobalSection
EndGlobal
